// !$*UTF8*$!
{
	archiveVersion = 1;
	classes = {
	};
	objectVersion = 50;
	objects = {

/* Begin PBXBuildFile section */
		7226A5EF229A8C2300F24ED4 /* VocabularyListViewController.swift in Sources */ = {isa = PBXBuildFile; fileRef = 7226A5EE229A8C2300F24ED4 /* VocabularyListViewController.swift */; };
		7226A5F1229A8C4200F24ED4 /* DictionaryViewController.swift in Sources */ = {isa = PBXBuildFile; fileRef = 7226A5F0229A8C4200F24ED4 /* DictionaryViewController.swift */; };
		723487FB229843090074AEBC /* AppDelegate.swift in Sources */ = {isa = PBXBuildFile; fileRef = 723487FA229843090074AEBC /* AppDelegate.swift */; };
		72348800229843090074AEBC /* Main.storyboard in Resources */ = {isa = PBXBuildFile; fileRef = 723487FE229843090074AEBC /* Main.storyboard */; };
		72348803229843090074AEBC /* VocabularyList.xcdatamodeld in Sources */ = {isa = PBXBuildFile; fileRef = 72348801229843090074AEBC /* VocabularyList.xcdatamodeld */; };
		723488052298430B0074AEBC /* Assets.xcassets in Resources */ = {isa = PBXBuildFile; fileRef = 723488042298430B0074AEBC /* Assets.xcassets */; };
		723488082298430B0074AEBC /* LaunchScreen.storyboard in Resources */ = {isa = PBXBuildFile; fileRef = 723488062298430B0074AEBC /* LaunchScreen.storyboard */; };
/* End PBXBuildFile section */

/* Begin PBXFileReference section */
		7226A5EE229A8C2300F24ED4 /* VocabularyListViewController.swift */ = {isa = PBXFileReference; lastKnownFileType = sourcecode.swift; path = VocabularyListViewController.swift; sourceTree = "<group>"; };
		7226A5F0229A8C4200F24ED4 /* DictionaryViewController.swift */ = {isa = PBXFileReference; lastKnownFileType = sourcecode.swift; path = DictionaryViewController.swift; sourceTree = "<group>"; };
		723487F7229843090074AEBC /* VocabularyList.app */ = {isa = PBXFileReference; explicitFileType = wrapper.application; includeInIndex = 0; path = VocabularyList.app; sourceTree = BUILT_PRODUCTS_DIR; };
		723487FA229843090074AEBC /* AppDelegate.swift */ = {isa = PBXFileReference; lastKnownFileType = sourcecode.swift; path = AppDelegate.swift; sourceTree = "<group>"; };
		723487FF229843090074AEBC /* Base */ = {isa = PBXFileReference; lastKnownFileType = file.storyboard; name = Base; path = Base.lproj/Main.storyboard; sourceTree = "<group>"; };
		72348802229843090074AEBC /* VocabularyList.xcdatamodel */ = {isa = PBXFileReference; lastKnownFileType = wrapper.xcdatamodel; path = VocabularyList.xcdatamodel; sourceTree = "<group>"; };
		723488042298430B0074AEBC /* Assets.xcassets */ = {isa = PBXFileReference; lastKnownFileType = folder.assetcatalog; path = Assets.xcassets; sourceTree = "<group>"; };
		723488072298430B0074AEBC /* Base */ = {isa = PBXFileReference; lastKnownFileType = file.storyboard; name = Base; path = Base.lproj/LaunchScreen.storyboard; sourceTree = "<group>"; };
		723488092298430B0074AEBC /* Info.plist */ = {isa = PBXFileReference; lastKnownFileType = text.plist.xml; path = Info.plist; sourceTree = "<group>"; };
/* End PBXFileReference section */

/* Begin PBXFrameworksBuildPhase section */
		723487F4229843090074AEBC /* Frameworks */ = {
			isa = PBXFrameworksBuildPhase;
			buildActionMask = 2147483647;
			files = (
			);
			runOnlyForDeploymentPostprocessing = 0;
		};
/* End PBXFrameworksBuildPhase section */

/* Begin PBXGroup section */
		723487EE229843090074AEBC = {
			isa = PBXGroup;
			children = (
				723487F9229843090074AEBC /* VocabularyList */,
				723487F8229843090074AEBC /* Products */,
			);
			sourceTree = "<group>";
		};
		723487F8229843090074AEBC /* Products */ = {
			isa = PBXGroup;
			children = (
				723487F7229843090074AEBC /* VocabularyList.app */,
			);
			name = Products;
			sourceTree = "<group>";
		};
		723487F9229843090074AEBC /* VocabularyList */ = {
			isa = PBXGroup;
			children = (
				723487FA229843090074AEBC /* AppDelegate.swift */,
				7226A5F0229A8C4200F24ED4 /* DictionaryViewController.swift */,
				7226A5EE229A8C2300F24ED4 /* VocabularyListViewController.swift */,
				723487FE229843090074AEBC /* Main.storyboard */,
				723488042298430B0074AEBC /* Assets.xcassets */,
				723488062298430B0074AEBC /* LaunchScreen.storyboard */,
				723488092298430B0074AEBC /* Info.plist */,
				72348801229843090074AEBC /* VocabularyList.xcdatamodeld */,
			);
			path = VocabularyList;
			sourceTree = "<group>";
		};
/* End PBXGroup section */

/* Begin PBXNativeTarget section */
		723487F6229843090074AEBC /* VocabularyList */ = {
			isa = PBXNativeTarget;
			buildConfigurationList = 7234880C2298430B0074AEBC /* Build configuration list for PBXNativeTarget "VocabularyList" */;
			buildPhases = (
				723487F3229843090074AEBC /* Sources */,
				723487F4229843090074AEBC /* Frameworks */,
				723487F5229843090074AEBC /* Resources */,
			);
			buildRules = (
			);
			dependencies = (
			);
			name = VocabularyList;
			productName = VocabularyList;
			productReference = 723487F7229843090074AEBC /* VocabularyList.app */;
			productType = "com.apple.product-type.application";
		};
/* End PBXNativeTarget section */

/* Begin PBXProject section */
		723487EF229843090074AEBC /* Project object */ = {
			isa = PBXProject;
			attributes = {
				LastSwiftUpdateCheck = 1010;
				LastUpgradeCheck = 1010;
				ORGANIZATIONNAME = Soohan;
				TargetAttributes = {
					723487F6229843090074AEBC = {
						CreatedOnToolsVersion = 10.1;
					};
				};
			};
			buildConfigurationList = 723487F2229843090074AEBC /* Build configuration list for PBXProject "VocabularyList" */;
			compatibilityVersion = "Xcode 9.3";
			developmentRegion = en;
			hasScannedForEncodings = 0;
			knownRegions = (
				en,
				Base,
			);
			mainGroup = 723487EE229843090074AEBC;
			productRefGroup = 723487F8229843090074AEBC /* Products */;
			projectDirPath = "";
			projectRoot = "";
			targets = (
				723487F6229843090074AEBC /* VocabularyList */,
			);
		};
/* End PBXProject section */

/* Begin PBXResourcesBuildPhase section */
		723487F5229843090074AEBC /* Resources */ = {
			isa = PBXResourcesBuildPhase;
			buildActionMask = 2147483647;
			files = (
				723488082298430B0074AEBC /* LaunchScreen.storyboard in Resources */,
				723488052298430B0074AEBC /* Assets.xcassets in Resources */,
				72348800229843090074AEBC /* Main.storyboard in Resources */,
			);
			runOnlyForDeploymentPostprocessing = 0;
		};
/* End PBXResourcesBuildPhase section */

/* Begin PBXSourcesBuildPhase section */
		723487F3229843090074AEBC /* Sources */ = {
			isa = PBXSourcesBuildPhase;
			buildActionMask = 2147483647;
			files = (
				72348803229843090074AEBC /* VocabularyList.xcdatamodeld in Sources */,
				723487FB229843090074AEBC /* AppDelegate.swift in Sources */,
				7226A5F1229A8C4200F24ED4 /* DictionaryViewController.swift in Sources */,
				7226A5EF229A8C2300F24ED4 /* VocabularyListViewController.swift in Sources */,
			);
			runOnlyForDeploymentPostprocessing = 0;
		};
/* End PBXSourcesBuildPhase section */

/* Begin PBXVariantGroup section */
		723487FE229843090074AEBC /* Main.storyboard */ = {
			isa = PBXVariantGroup;
			children = (
				723487FF229843090074AEBC /* Base */,
			);
			name = Main.storyboard;
			sourceTree = "<group>";
		};
		723488062298430B0074AEBC /* LaunchScreen.storyboard */ = {
			isa = PBXVariantGroup;
			children = (
				723488072298430B0074AEBC /* Base */,
			);
			name = LaunchScreen.storyboard;
			sourceTree = "<group>";
		};
/* End PBXVariantGroup section */

/* Begin XCBuildConfiguration section */
		7234880A2298430B0074AEBC /* Debug */ = {
			isa = XCBuildConfiguration;
			buildSettings = {
				ALWAYS_SEARCH_USER_PATHS = NO;
				CLANG_ANALYZER_NONNULL = YES;
				CLANG_ANALYZER_NUMBER_OBJECT_CONVERSION = YES_AGGRESSIVE;
				CLANG_CXX_LANGUAGE_STANDARD = "gnu++14";
				CLANG_CXX_LIBRARY = "libc++";
				CLANG_ENABLE_MODULES = YES;
				CLANG_ENABLE_OBJC_ARC = YES;
				CLANG_ENABLE_OBJC_WEAK = YES;
				CLANG_WARN_BLOCK_CAPTURE_AUTORELEASING = YES;
				CLANG_WARN_BOOL_CONVERSION = YES;
				CLANG_WARN_COMMA = YES;
				CLANG_WARN_CONSTANT_CONVERSION = YES;
				CLANG_WARN_DEPRECATED_OBJC_IMPLEMENTATIONS = YES;
				CLANG_WARN_DIRECT_OBJC_ISA_USAGE = YES_ERROR;
				CLANG_WARN_DOCUMENTATION_COMMENTS = YES;
				CLANG_WARN_EMPTY_BODY = YES;
				CLANG_WARN_ENUM_CONVERSION = YES;
				CLANG_WARN_INFINITE_RECURSION = YES;
				CLANG_WARN_INT_CONVERSION = YES;
				CLANG_WARN_NON_LITERAL_NULL_CONVERSION = YES;
				CLANG_WARN_OBJC_IMPLICIT_RETAIN_SELF = YES;
				CLANG_WARN_OBJC_LITERAL_CONVERSION = YES;
				CLANG_WARN_OBJC_ROOT_CLASS = YES_ERROR;
				CLANG_WARN_RANGE_LOOP_ANALYSIS = YES;
				CLANG_WARN_STRICT_PROTOTYPES = YES;
				CLANG_WARN_SUSPICIOUS_MOVE = YES;
				CLANG_WARN_UNGUARDED_AVAILABILITY = YES_AGGRESSIVE;
				CLANG_WARN_UNREACHABLE_CODE = YES;
				CLANG_WARN__DUPLICATE_METHOD_MATCH = YES;
				CODE_SIGN_IDENTITY = "iPhone Developer";
				COPY_PHASE_STRIP = NO;
				DEBUG_INFORMATION_FORMAT = dwarf;
				ENABLE_STRICT_OBJC_MSGSEND = YES;
				ENABLE_TESTABILITY = YES;
				GCC_C_LANGUAGE_STANDARD = gnu11;
				GCC_DYNAMIC_NO_PIC = NO;
				GCC_NO_COMMON_BLOCKS = YES;
				GCC_OPTIMIZATION_LEVEL = 0;
				GCC_PREPROCESSOR_DEFINITIONS = (
					"DEBUG=1",
					"$(inherited)",
				);
				GCC_WARN_64_TO_32_BIT_CONVERSION = YES;
				GCC_WARN_ABOUT_RETURN_TYPE = YES_ERROR;
				GCC_WARN_UNDECLARED_SELECTOR = YES;
				GCC_WARN_UNINITIALIZED_AUTOS = YES_AGGRESSIVE;
				GCC_WARN_UNUSED_FUNCTION = YES;
				GCC_WARN_UNUSED_VARIABLE = YES;
				IPHONEOS_DEPLOYMENT_TARGET = 12.1;
				MTL_ENABLE_DEBUG_INFO = INCLUDE_SOURCE;
				MTL_FAST_MATH = YES;
				ONLY_ACTIVE_ARCH = YES;
				SDKROOT = iphoneos;
				SWIFT_ACTIVE_COMPILATION_CONDITIONS = DEBUG;
				SWIFT_OPTIMIZATION_LEVEL = "-Onone";
			};
			name = Debug;
		};
		7234880B2298430B0074AEBC /* Release */ = {
			isa = XCBuildConfiguration;
			buildSettings = {
				ALWAYS_SEARCH_USER_PATHS = NO;
				CLANG_ANALYZER_NONNULL = YES;
				CLANG_ANALYZER_NUMBER_OBJECT_CONVERSION = YES_AGGRESSIVE;
				CLANG_CXX_LANGUAGE_STANDARD = "gnu++14";
				CLANG_CXX_LIBRARY = "libc++";
				CLANG_ENABLE_MODULES = YES;
				CLANG_ENABLE_OBJC_ARC = YES;
				CLANG_ENABLE_OBJC_WEAK = YES;
				CLANG_WARN_BLOCK_CAPTURE_AUTORELEASING = YES;
				CLANG_WARN_BOOL_CONVERSION = YES;
				CLANG_WARN_COMMA = YES;
				CLANG_WARN_CONSTANT_CONVERSION = YES;
				CLANG_WARN_DEPRECATED_OBJC_IMPLEMENTATIONS = YES;
				CLANG_WARN_DIRECT_OBJC_ISA_USAGE = YES_ERROR;
				CLANG_WARN_DOCUMENTATION_COMMENTS = YES;
				CLANG_WARN_EMPTY_BODY = YES;
				CLANG_WARN_ENUM_CONVERSION = YES;
				CLANG_WARN_INFINITE_RECURSION = YES;
				CLANG_WARN_INT_CONVERSION = YES;
				CLANG_WARN_NON_LITERAL_NULL_CONVERSION = YES;
				CLANG_WARN_OBJC_IMPLICIT_RETAIN_SELF = YES;
				CLANG_WARN_OBJC_LITERAL_CONVERSION = YES;
				CLANG_WARN_OBJC_ROOT_CLASS = YES_ERROR;
				CLANG_WARN_RANGE_LOOP_ANALYSIS = YES;
				CLANG_WARN_STRICT_PROTOTYPES = YES;
				CLANG_WARN_SUSPICIOUS_MOVE = YES;
				CLANG_WARN_UNGUARDED_AVAILABILITY = YES_AGGRESSIVE;
				CLANG_WARN_UNREACHABLE_CODE = YES;
				CLANG_WARN__DUPLICATE_METHOD_MATCH = YES;
				CODE_SIGN_IDENTITY = "iPhone Developer";
				COPY_PHASE_STRIP = NO;
				DEBUG_INFORMATION_FORMAT = "dwarf-with-dsym";
				ENABLE_NS_ASSERTIONS = NO;
				ENABLE_STRICT_OBJC_MSGSEND = YES;
				GCC_C_LANGUAGE_STANDARD = gnu11;
				GCC_NO_COMMON_BLOCKS = YES;
				GCC_WARN_64_TO_32_BIT_CONVERSION = YES;
				GCC_WARN_ABOUT_RETURN_TYPE = YES_ERROR;
				GCC_WARN_UNDECLARED_SELECTOR = YES;
				GCC_WARN_UNINITIALIZED_AUTOS = YES_AGGRESSIVE;
				GCC_WARN_UNUSED_FUNCTION = YES;
				GCC_WARN_UNUSED_VARIABLE = YES;
				IPHONEOS_DEPLOYMENT_TARGET = 12.1;
				MTL_ENABLE_DEBUG_INFO = NO;
				MTL_FAST_MATH = YES;
				SDKROOT = iphoneos;
				SWIFT_COMPILATION_MODE = wholemodule;
				SWIFT_OPTIMIZATION_LEVEL = "-O";
				VALIDATE_PRODUCT = YES;
			};
			name = Release;
		};
		7234880D2298430B0074AEBC /* Debug */ = {
			isa = XCBuildConfiguration;
			buildSettings = {
				ASSETCATALOG_COMPILER_APPICON_NAME = AppIcon;
				CODE_SIGN_STYLE = Automatic;
				INFOPLIST_FILE = VocabularyList/Info.plist;
				IPHONEOS_DEPLOYMENT_TARGET = 11.0;
				LD_RUNPATH_SEARCH_PATHS = (
					"$(inherited)",
					"@executable_path/Frameworks",
				);
				PRODUCT_BUNDLE_IDENTIFIER = com.soohan.VocabularyList;
				PRODUCT_NAME = "$(TARGET_NAME)";
				SWIFT_VERSION = 4.2;
				TARGETED_DEVICE_FAMILY = "1,2";
			};
			name = Debug;
		};
		7234880E2298430B0074AEBC /* Release */ = {
			isa = XCBuildConfiguration;
			buildSettings = {
				ASSETCATALOG_COMPILER_APPICON_NAME = AppIcon;
				CODE_SIGN_STYLE = Automatic;
				INFOPLIST_FILE = VocabularyList/Info.plist;
				IPHONEOS_DEPLOYMENT_TARGET = 11.0;
				LD_RUNPATH_SEARCH_PATHS = (
					"$(inherited)",
					"@executable_path/Frameworks",
				);
				PRODUCT_BUNDLE_IDENTIFIER = com.soohan.VocabularyList;
				PRODUCT_NAME = "$(TARGET_NAME)";
				SWIFT_VERSION = 4.2;
				TARGETED_DEVICE_FAMILY = "1,2";
			};
			name = Release;
		};
/* End XCBuildConfiguration section */

/* Begin XCConfigurationList section */
		723487F2229843090074AEBC /* Build configuration list for PBXProject "VocabularyList" */ = {
			isa = XCConfigurationList;
			buildConfigurations = (
				7234880A2298430B0074AEBC /* Debug */,
				7234880B2298430B0074AEBC /* Release */,
			);
			defaultConfigurationIsVisible = 0;
			defaultConfigurationName = Release;
		};
		7234880C2298430B0074AEBC /* Build configuration list for PBXNativeTarget "VocabularyList" */ = {
			isa = XCConfigurationList;
			buildConfigurations = (
				7234880D2298430B0074AEBC /* Debug */,
				7234880E2298430B0074AEBC /* Release */,
			);
			defaultConfigurationIsVisible = 0;
			defaultConfigurationName = Release;
		};
/* End XCConfigurationList section */

/* Begin XCVersionGroup section */
		72348801229843090074AEBC /* VocabularyList.xcdatamodeld */ = {
			isa = XCVersionGroup;
			children = (
				72348802229843090074AEBC /* VocabularyList.xcdatamodel */,
			);
			currentVersion = 72348802229843090074AEBC /* VocabularyList.xcdatamodel */;
			path = VocabularyList.xcdatamodeld;
			sourceTree = "<group>";
			versionGroupType = wrapper.xcdatamodel;
		};
/* End XCVersionGroup section */
	};
	rootObject = 723487EF229843090074AEBC /* Project object */;
}
